// !$*UTF8*$!
{
	archiveVersion = 1;
	classes = {
	};
	objectVersion = 46;
	objects = {

/* Begin PBXBuildFile section */
		74E6A8AF1C81366A0073F89A /* AppDelegate.swift in Sources */ = {isa = PBXBuildFile; fileRef = 74E6A8AE1C81366A0073F89A /* AppDelegate.swift */; };
		74E6A8B11C81366A0073F89A /* Assets.xcassets in Resources */ = {isa = PBXBuildFile; fileRef = 74E6A8B01C81366A0073F89A /* Assets.xcassets */; };
		74E6A8B41C81366A0073F89A /* MainMenu.xib in Resources */ = {isa = PBXBuildFile; fileRef = 74E6A8B21C81366A0073F89A /* MainMenu.xib */; };
		74E6A8BD1C8179AA0073F89A /* CurrencyController.swift in Sources */ = {isa = PBXBuildFile; fileRef = 74E6A8BB1C8179AA0073F89A /* CurrencyController.swift */; };
		74E6A8BE1C8179AA0073F89A /* CurrencyController.xib in Resources */ = {isa = PBXBuildFile; fileRef = 74E6A8BC1C8179AA0073F89A /* CurrencyController.xib */; };
		74E6A8C01C817D0E0073F89A /* CurrencyStore.swift in Sources */ = {isa = PBXBuildFile; fileRef = 74E6A8BF1C817D0E0073F89A /* CurrencyStore.swift */; };
/* End PBXBuildFile section */

/* Begin PBXFileReference section */
		74E6A8AB1C81366A0073F89A /* usdolloar.app */ = {isa = PBXFileReference; explicitFileType = wrapper.application; includeInIndex = 0; path = usdolloar.app; sourceTree = BUILT_PRODUCTS_DIR; };
		74E6A8AE1C81366A0073F89A /* AppDelegate.swift */ = {isa = PBXFileReference; lastKnownFileType = sourcecode.swift; path = AppDelegate.swift; sourceTree = "<group>"; };
		74E6A8B01C81366A0073F89A /* Assets.xcassets */ = {isa = PBXFileReference; lastKnownFileType = folder.assetcatalog; path = Assets.xcassets; sourceTree = "<group>"; };
		74E6A8B31C81366A0073F89A /* Base */ = {isa = PBXFileReference; lastKnownFileType = file.xib; name = Base; path = Base.lproj/MainMenu.xib; sourceTree = "<group>"; };
		74E6A8B51C81366A0073F89A /* Info.plist */ = {isa = PBXFileReference; lastKnownFileType = text.plist.xml; path = Info.plist; sourceTree = "<group>"; };
		74E6A8BB1C8179AA0073F89A /* CurrencyController.swift */ = {isa = PBXFileReference; fileEncoding = 4; lastKnownFileType = sourcecode.swift; name = CurrencyController.swift; path = ../CurrencyController.swift; sourceTree = "<group>"; };
		74E6A8BC1C8179AA0073F89A /* CurrencyController.xib */ = {isa = PBXFileReference; fileEncoding = 4; lastKnownFileType = file.xib; name = CurrencyController.xib; path = ../CurrencyController.xib; sourceTree = "<group>"; };
		74E6A8BF1C817D0E0073F89A /* CurrencyStore.swift */ = {isa = PBXFileReference; fileEncoding = 4; lastKnownFileType = sourcecode.swift; path = CurrencyStore.swift; sourceTree = "<group>"; };
/* End PBXFileReference section */

/* Begin PBXFrameworksBuildPhase section */
		74E6A8A81C81366A0073F89A /* Frameworks */ = {
			isa = PBXFrameworksBuildPhase;
			buildActionMask = 2147483647;
			files = (
			);
			runOnlyForDeploymentPostprocessing = 0;
		};
/* End PBXFrameworksBuildPhase section */

/* Begin PBXGroup section */
		74E6A8A21C81366A0073F89A = {
			isa = PBXGroup;
			children = (
				74E6A8AD1C81366A0073F89A /* usdolloar */,
				74E6A8AC1C81366A0073F89A /* Products */,
			);
			sourceTree = "<group>";
		};
		74E6A8AC1C81366A0073F89A /* Products */ = {
			isa = PBXGroup;
			children = (
				74E6A8AB1C81366A0073F89A /* usdolloar.app */,
			);
			name = Products;
			sourceTree = "<group>";
		};
		74E6A8AD1C81366A0073F89A /* usdolloar */ = {
			isa = PBXGroup;
			children = (
				74E6A8BB1C8179AA0073F89A /* CurrencyController.swift */,
				74E6A8BC1C8179AA0073F89A /* CurrencyController.xib */,
				74E6A8AE1C81366A0073F89A /* AppDelegate.swift */,
				74E6A8B01C81366A0073F89A /* Assets.xcassets */,
				74E6A8B21C81366A0073F89A /* MainMenu.xib */,
				74E6A8B51C81366A0073F89A /* Info.plist */,
				74E6A8BF1C817D0E0073F89A /* CurrencyStore.swift */,
			);
			path = usdolloar;
			sourceTree = "<group>";
		};
/* End PBXGroup section */

/* Begin PBXNativeTarget section */
		74E6A8AA1C81366A0073F89A /* usdolloar */ = {
			isa = PBXNativeTarget;
			buildConfigurationList = 74E6A8B81C81366A0073F89A /* Build configuration list for PBXNativeTarget "usdolloar" */;
			buildPhases = (
				74E6A8A71C81366A0073F89A /* Sources */,
				74E6A8A81C81366A0073F89A /* Frameworks */,
				74E6A8A91C81366A0073F89A /* Resources */,
			);
			buildRules = (
			);
			dependencies = (
			);
			name = usdolloar;
			productName = usdolloar;
			productReference = 74E6A8AB1C81366A0073F89A /* usdolloar.app */;
			productType = "com.apple.product-type.application";
		};
/* End PBXNativeTarget section */

/* Begin PBXProject section */
		74E6A8A31C81366A0073F89A /* Project object */ = {
			isa = PBXProject;
			attributes = {
				LastSwiftUpdateCheck = 0720;
				LastUpgradeCheck = 0720;
				ORGANIZATIONNAME = "Roc Yu";
				TargetAttributes = {
					74E6A8AA1C81366A0073F89A = {
						CreatedOnToolsVersion = 7.2.1;
					};
				};
			};
			buildConfigurationList = 74E6A8A61C81366A0073F89A /* Build configuration list for PBXProject "usdolloar" */;
			compatibilityVersion = "Xcode 3.2";
			developmentRegion = English;
			hasScannedForEncodings = 0;
			knownRegions = (
				en,
				Base,
			);
			mainGroup = 74E6A8A21C81366A0073F89A;
			productRefGroup = 74E6A8AC1C81366A0073F89A /* Products */;
			projectDirPath = "";
			projectRoot = "";
			targets = (
				74E6A8AA1C81366A0073F89A /* usdolloar */,
			);
		};
/* End PBXProject section */

/* Begin PBXResourcesBuildPhase section */
		74E6A8A91C81366A0073F89A /* Resources */ = {
			isa = PBXResourcesBuildPhase;
			buildActionMask = 2147483647;
			files = (
				74E6A8B11C81366A0073F89A /* Assets.xcassets in Resources */,
				74E6A8B41C81366A0073F89A /* MainMenu.xib in Resources */,
				74E6A8BE1C8179AA0073F89A /* CurrencyController.xib in Resources */,
			);
			runOnlyForDeploymentPostprocessing = 0;
		};
/* End PBXResourcesBuildPhase section */

/* Begin PBXSourcesBuildPhase section */
		74E6A8A71C81366A0073F89A /* Sources */ = {
			isa = PBXSourcesBuildPhase;
			buildActionMask = 2147483647;
			files = (
				74E6A8BD1C8179AA0073F89A /* CurrencyController.swift in Sources */,
				74E6A8AF1C81366A0073F89A /* AppDelegate.swift in Sources */,
				74E6A8C01C817D0E0073F89A /* CurrencyStore.swift in Sources */,
			);
			runOnlyForDeploymentPostprocessing = 0;
		};
/* End PBXSourcesBuildPhase section */

/* Begin PBXVariantGroup section */
		74E6A8B21C81366A0073F89A /* MainMenu.xib */ = {
			isa = PBXVariantGroup;
			children = (
				74E6A8B31C81366A0073F89A /* Base */,
			);
			name = MainMenu.xib;
			sourceTree = "<group>";
		};
/* End PBXVariantGroup section */

/* Begin XCBuildConfiguration section */
		74E6A8B61C81366A0073F89A /* Debug */ = {
			isa = XCBuildConfiguration;
			buildSettings = {
				ALWAYS_SEARCH_USER_PATHS = NO;
				CLANG_CXX_LANGUAGE_STANDARD = "gnu++0x";
				CLANG_CXX_LIBRARY = "libc++";
				CLANG_ENABLE_MODULES = YES;
				CLANG_ENABLE_OBJC_ARC = YES;
				CLANG_WARN_BOOL_CONVERSION = YES;
				CLANG_WARN_CONSTANT_CONVERSION = YES;
				CLANG_WARN_DIRECT_OBJC_ISA_USAGE = YES_ERROR;
				CLANG_WARN_EMPTY_BODY = YES;
				CLANG_WARN_ENUM_CONVERSION = YES;
				CLANG_WARN_INT_CONVERSION = YES;
				CLANG_WARN_OBJC_ROOT_CLASS = YES_ERROR;
				CLANG_WARN_UNREACHABLE_CODE = YES;
				CLANG_WARN__DUPLICATE_METHOD_MATCH = YES;
				CODE_SIGN_IDENTITY = "-";
				COPY_PHASE_STRIP = NO;
				DEBUG_INFORMATION_FORMAT = dwarf;
				ENABLE_STRICT_OBJC_MSGSEND = YES;
				ENABLE_TESTABILITY = YES;
				GCC_C_LANGUAGE_STANDARD = gnu99;
				GCC_DYNAMIC_NO_PIC = NO;
				GCC_NO_COMMON_BLOCKS = YES;
				GCC_OPTIMIZATION_LEVEL = 0;
				GCC_PREPROCESSOR_DEFINITIONS = (
					"DEBUG=1",
					"$(inherited)",
				);
				GCC_WARN_64_TO_32_BIT_CONVERSION = YES;
				GCC_WARN_ABOUT_RETURN_TYPE = YES_ERROR;
				GCC_WARN_UNDECLARED_SELECTOR = YES;
				GCC_WARN_UNINITIALIZED_AUTOS = YES_AGGRESSIVE;
				GCC_WARN_UNUSED_FUNCTION = YES;
				GCC_WARN_UNUSED_VARIABLE = YES;
				MACOSX_DEPLOYMENT_TARGET = 10.11;
				MTL_ENABLE_DEBUG_INFO = YES;
				ONLY_ACTIVE_ARCH = YES;
				SDKROOT = macosx;
				SWIFT_OPTIMIZATION_LEVEL = "-Onone";
			};
			name = Debug;
		};
		74E6A8B71C81366A0073F89A /* Release */ = {
			isa = XCBuildConfiguration;
			buildSettings = {
				ALWAYS_SEARCH_USER_PATHS = NO;
				CLANG_CXX_LANGUAGE_STANDARD = "gnu++0x";
				CLANG_CXX_LIBRARY = "libc++";
				CLANG_ENABLE_MODULES = YES;
				CLANG_ENABLE_OBJC_ARC = YES;
				CLANG_WARN_BOOL_CONVERSION = YES;
				CLANG_WARN_CONSTANT_CONVERSION = YES;
				CLANG_WARN_DIRECT_OBJC_ISA_USAGE = YES_ERROR;
				CLANG_WARN_EMPTY_BODY = YES;
				CLANG_WARN_ENUM_CONVERSION = YES;
				CLANG_WARN_INT_CONVERSION = YES;
				CLANG_WARN_OBJC_ROOT_CLASS = YES_ERROR;
				CLANG_WARN_UNREACHABLE_CODE = YES;
				CLANG_WARN__DUPLICATE_METHOD_MATCH = YES;
				CODE_SIGN_IDENTITY = "-";
				COPY_PHASE_STRIP = NO;
				DEBUG_INFORMATION_FORMAT = "dwarf-with-dsym";
				ENABLE_NS_ASSERTIONS = NO;
				ENABLE_STRICT_OBJC_MSGSEND = YES;
				GCC_C_LANGUAGE_STANDARD = gnu99;
				GCC_NO_COMMON_BLOCKS = YES;
				GCC_WARN_64_TO_32_BIT_CONVERSION = YES;
				GCC_WARN_ABOUT_RETURN_TYPE = YES_ERROR;
				GCC_WARN_UNDECLARED_SELECTOR = YES;
				GCC_WARN_UNINITIALIZED_AUTOS = YES_AGGRESSIVE;
				GCC_WARN_UNUSED_FUNCTION = YES;
				GCC_WARN_UNUSED_VARIABLE = YES;
				MACOSX_DEPLOYMENT_TARGET = 10.11;
				MTL_ENABLE_DEBUG_INFO = NO;
				SDKROOT = macosx;
			};
			name = Release;
		};
		74E6A8B91C81366A0073F89A /* Debug */ = {
			isa = XCBuildConfiguration;
			buildSettings = {
				ASSETCATALOG_COMPILER_APPICON_NAME = AppIcon;
				COMBINE_HIDPI_IMAGES = YES;
				INFOPLIST_FILE = usdolloar/Info.plist;
				LD_RUNPATH_SEARCH_PATHS = "$(inherited) @executable_path/../Frameworks";
				PRODUCT_BUNDLE_IDENTIFIER = com.rociiu.usdolloar;
				PRODUCT_NAME = "$(TARGET_NAME)";
			};
			name = Debug;
		};
		74E6A8BA1C81366A0073F89A /* Release */ = {
			isa = XCBuildConfiguration;
			buildSettings = {
				ASSETCATALOG_COMPILER_APPICON_NAME = AppIcon;
				COMBINE_HIDPI_IMAGES = YES;
				INFOPLIST_FILE = usdolloar/Info.plist;
				LD_RUNPATH_SEARCH_PATHS = "$(inherited) @executable_path/../Frameworks";
				PRODUCT_BUNDLE_IDENTIFIER = com.rociiu.usdolloar;
				PRODUCT_NAME = "$(TARGET_NAME)";
			};
			name = Release;
		};
/* End XCBuildConfiguration section */

/* Begin XCConfigurationList section */
		74E6A8A61C81366A0073F89A /* Build configuration list for PBXProject "usdolloar" */ = {
			isa = XCConfigurationList;
			buildConfigurations = (
				74E6A8B61C81366A0073F89A /* Debug */,
				74E6A8B71C81366A0073F89A /* Release */,
			);
			defaultConfigurationIsVisible = 0;
			defaultConfigurationName = Release;
		};
		74E6A8B81C81366A0073F89A /* Build configuration list for PBXNativeTarget "usdolloar" */ = {
			isa = XCConfigurationList;
			buildConfigurations = (
				74E6A8B91C81366A0073F89A /* Debug */,
				74E6A8BA1C81366A0073F89A /* Release */,
			);
			defaultConfigurationIsVisible = 0;
		};
/* End XCConfigurationList section */
	};
	rootObject = 74E6A8A31C81366A0073F89A /* Project object */;
}
